
Microsoft Visual Studio Solution File, Format Version 12.00
# Visual Studio Version 17
VisualStudioVersion = 17.8.34408.163
MinimumVisualStudioVersion = 10.0.40219.1
Project("{9A19103F-16F7-4668-BE54-9A1E7A4F7556}") = "XYZ.BilllingService.Tests", "XYZ.BilllingService.Tests\XYZ.BilllingService.Tests.csproj", "{9EC24607-9124-44B7-9C7B-9F3A71A8C108}"
EndProject
Project("{9A19103F-16F7-4668-BE54-9A1E7A4F7556}") = "XYZ.BillingService.Api", "XYZ.BillingService.Api\XYZ.BillingService.Api.csproj", "{9A4FA287-02B5-401C-8A30-9771A67F1946}"
EndProject
Project("{9A19103F-16F7-4668-BE54-9A1E7A4F7556}") = "XYZ.BillingService.Orders", "XYZ.BillingService.Orders\XYZ.BillingService.Orders.csproj", "{2FDD7A45-976E-4CFA-B44B-61CA2C24FDE8}"
EndProject
Project("{9A19103F-16F7-4668-BE54-9A1E7A4F7556}") = "XYZ.BillingService.Payments", "XYZ.BillingService.Payments\XYZ.BillingService.Payments.csproj", "{E4663E3A-7B8F-44BC-9B97-613756D4EBCB}"
EndProject
Global
	GlobalSection(SolutionConfigurationPlatforms) = preSolution
		Debug|Any CPU = Debug|Any CPU
		Release|Any CPU = Release|Any CPU
	EndGlobalSection
	GlobalSection(ProjectConfigurationPlatforms) = postSolution
		{9EC24607-9124-44B7-9C7B-9F3A71A8C108}.Debug|Any CPU.ActiveCfg = Debug|Any CPU
		{9EC24607-9124-44B7-9C7B-9F3A71A8C108}.Debug|Any CPU.Build.0 = Debug|Any CPU
		{9EC24607-9124-44B7-9C7B-9F3A71A8C108}.Release|Any CPU.ActiveCfg = Release|Any CPU
		{9EC24607-9124-44B7-9C7B-9F3A71A8C108}.Release|Any CPU.Build.0 = Release|Any CPU
		{9A4FA287-02B5-401C-8A30-9771A67F1946}.Debug|Any CPU.ActiveCfg = Debug|Any CPU
		{9A4FA287-02B5-401C-8A30-9771A67F1946}.Debug|Any CPU.Build.0 = Debug|Any CPU
		{9A4FA287-02B5-401C-8A30-9771A67F1946}.Release|Any CPU.ActiveCfg = Release|Any CPU
		{9A4FA287-02B5-401C-8A30-9771A67F1946}.Release|Any CPU.Build.0 = Release|Any CPU
		{2FDD7A45-976E-4CFA-B44B-61CA2C24FDE8}.Debug|Any CPU.ActiveCfg = Debug|Any CPU
		{2FDD7A45-976E-4CFA-B44B-61CA2C24FDE8}.Debug|Any CPU.Build.0 = Debug|Any CPU
		{2FDD7A45-976E-4CFA-B44B-61CA2C24FDE8}.Release|Any CPU.ActiveCfg = Release|Any CPU
		{2FDD7A45-976E-4CFA-B44B-61CA2C24FDE8}.Release|Any CPU.Build.0 = Release|Any CPU
		{E4663E3A-7B8F-44BC-9B97-613756D4EBCB}.Debug|Any CPU.ActiveCfg = Debug|Any CPU
		{E4663E3A-7B8F-44BC-9B97-613756D4EBCB}.Debug|Any CPU.Build.0 = Debug|Any CPU
		{E4663E3A-7B8F-44BC-9B97-613756D4EBCB}.Release|Any CPU.ActiveCfg = Release|Any CPU
		{E4663E3A-7B8F-44BC-9B97-613756D4EBCB}.Release|Any CPU.Build.0 = Release|Any CPU
	EndGlobalSection
	GlobalSection(SolutionProperties) = preSolution
		HideSolutionNode = FALSE
	EndGlobalSection
	GlobalSection(ExtensibilityGlobals) = postSolution
		SolutionGuid = {C9F59E7F-D1FE-4930-91F3-89B7BEE2D892}
	EndGlobalSection
EndGlobal
