
Microsoft Visual Studio Solution File, Format Version 12.00
# Visual Studio Version 17
VisualStudioVersion = 17.8.34408.163
MinimumVisualStudioVersion = 10.0.40219.1
Project("{9A19103F-16F7-4668-BE54-9A1E7A4F7556}") = "XYZ.BillingService.Api", "OrderApi\XYZ.BillingService.Api.csproj", "{52542EBA-A83B-4154-90FC-2F12928D2337}"
EndProject
Project("{9A19103F-16F7-4668-BE54-9A1E7A4F7556}") = "XYZ.BillingService.Payments", "OrderApi.BusinessLogic\XYZ.BillingService.Payments.csproj", "{2C8AC155-86AB-431A-AE17-EB4EB4BEB2CA}"
EndProject
Project("{FAE04EC0-301F-11D3-BF4B-00C04F79EFBC}") = "XYZ.BillingService.Orders", "XYZ.Orders.BusinessLogic\XYZ.BillingService.Orders.csproj", "{0D81277B-85E9-48A4-B6AE-FD3CA13CE43A}"
EndProject
Project("{FAE04EC0-301F-11D3-BF4B-00C04F79EFBC}") = "XYZ.BilllingService.Tests", "XYZ.BilllingService.Tests\XYZ.BilllingService.Tests.csproj", "{9EC24607-9124-44B7-9C7B-9F3A71A8C108}"
EndProject
Global
	GlobalSection(SolutionConfigurationPlatforms) = preSolution
		Debug|Any CPU = Debug|Any CPU
		Release|Any CPU = Release|Any CPU
	EndGlobalSection
	GlobalSection(ProjectConfigurationPlatforms) = postSolution
		{52542EBA-A83B-4154-90FC-2F12928D2337}.Debug|Any CPU.ActiveCfg = Debug|Any CPU
		{52542EBA-A83B-4154-90FC-2F12928D2337}.Debug|Any CPU.Build.0 = Debug|Any CPU
		{52542EBA-A83B-4154-90FC-2F12928D2337}.Release|Any CPU.ActiveCfg = Release|Any CPU
		{52542EBA-A83B-4154-90FC-2F12928D2337}.Release|Any CPU.Build.0 = Release|Any CPU
		{2C8AC155-86AB-431A-AE17-EB4EB4BEB2CA}.Debug|Any CPU.ActiveCfg = Debug|Any CPU
		{2C8AC155-86AB-431A-AE17-EB4EB4BEB2CA}.Debug|Any CPU.Build.0 = Debug|Any CPU
		{2C8AC155-86AB-431A-AE17-EB4EB4BEB2CA}.Release|Any CPU.ActiveCfg = Release|Any CPU
		{2C8AC155-86AB-431A-AE17-EB4EB4BEB2CA}.Release|Any CPU.Build.0 = Release|Any CPU
		{0D81277B-85E9-48A4-B6AE-FD3CA13CE43A}.Debug|Any CPU.ActiveCfg = Debug|Any CPU
		{0D81277B-85E9-48A4-B6AE-FD3CA13CE43A}.Debug|Any CPU.Build.0 = Debug|Any CPU
		{0D81277B-85E9-48A4-B6AE-FD3CA13CE43A}.Release|Any CPU.ActiveCfg = Release|Any CPU
		{0D81277B-85E9-48A4-B6AE-FD3CA13CE43A}.Release|Any CPU.Build.0 = Release|Any CPU
		{9EC24607-9124-44B7-9C7B-9F3A71A8C108}.Debug|Any CPU.ActiveCfg = Debug|Any CPU
		{9EC24607-9124-44B7-9C7B-9F3A71A8C108}.Debug|Any CPU.Build.0 = Debug|Any CPU
		{9EC24607-9124-44B7-9C7B-9F3A71A8C108}.Release|Any CPU.ActiveCfg = Release|Any CPU
		{9EC24607-9124-44B7-9C7B-9F3A71A8C108}.Release|Any CPU.Build.0 = Release|Any CPU
	EndGlobalSection
	GlobalSection(SolutionProperties) = preSolution
		HideSolutionNode = FALSE
	EndGlobalSection
	GlobalSection(ExtensibilityGlobals) = postSolution
		SolutionGuid = {C9F59E7F-D1FE-4930-91F3-89B7BEE2D892}
	EndGlobalSection
EndGlobal
